lockfileVersion: '9.0'

settings:
  autoInstallPeers: true
  excludeLinksFromLockfile: false

importers:

  .:
    devDependencies:
      turbo:
        specifier: ^2.5.0
        version: 2.5.2
      typescript:
        specifier: ^5.8.3
        version: 5.8.3

  client: {}

  delay: {}

  errors: {}

  hooks:
    dependencies:
      react:
        specifier: ^19.1.0
        version: 19.1.0
    devDependencies:
      '@types/react':
        specifier: ^19.1.0
        version: 19.1.2

  ip:
    dependencies:
      '@libs/retry':
        specifier: workspace:*
        version: link:../retry

  json: {}

  object: {}

  retry:
    dependencies:
      '@libs/delay':
        specifier: workspace:*
        version: link:../delay

  telegram-bot:
    dependencies:
      '@libs/delay':
        specifier: workspace:*
        version: link:../delay
      '@libs/object':
        specifier: workspace:*
        version: link:../object

  tma:
    dependencies:
      '@libs/client':
        specifier: workspace:*
        version: link:../client
      '@libs/hooks':
        specifier: workspace:*
        version: link:../hooks
      '@libs/json':
        specifier: workspace:*
        version: link:../json
      '@telegram-apps/sdk-react':
        specifier: ^3.2.4
        version: 3.2.4(@types/react@19.1.2)(react@19.1.0)(typescript@5.8.3)
      '@tonconnect/ui':
        specifier: ^2.1.0
        version: 2.1.0
      react:
        specifier: ^19.1.0
        version: 19.1.0
    devDependencies:
      '@types/react':
        specifier: ^19.1.0
        version: 19.1.2

  tma-init-data:
    dependencies:
      '@libs/errors':
        specifier: workspace:*
        version: link:../errors
      '@libs/json':
        specifier: workspace:*
        version: link:../json
      '@telegram-apps/init-data-node':
        specifier: ^2.0.3
        version: 2.0.7(typescript@5.8.3)
    devDependencies:
      '@types/node':
        specifier: ^22.15.3
        version: 22.15.3

packages:

  '@telegram-apps/bridge@1.9.2':
    resolution: {integrity: sha512-SJLcNWLXhbbZr9MiqFH/g2ceuitSJKMxUIZysK4zUNyTUNuonrQG80Q/yrO+XiNbKUj8WdDNM86NBARhuyyinQ==}

  '@telegram-apps/bridge@2.8.2':
    resolution: {integrity: sha512-DpdvK1FUSklQFRaqV84rzhxUU/Pe6tVW497CtUfUZ87wenf/NY8Tvd5GONTJpAVb+H7wGcEcolielLOq1dSV5g==}

  '@telegram-apps/init-data-node@2.0.7':
    resolution: {integrity: sha512-MNpZBgkvXoFZicO+JufhmCV4FusEjDmMBgK76ubvPkhY5SiIXeriDe3HYXqCE++2uRReP0xDZZVrYxbAS5cCnw==}

  '@telegram-apps/navigation@1.0.13':
    resolution: {integrity: sha512-TsUueB5LQp77GQHoMa93nq26Uw7GJjrFCPbyseMVU7aBBxAc+8CV2IYytRwcVp5sv/q7ThK5X4JaKn2V1yBHDQ==}

  '@telegram-apps/sdk-react@3.2.4':
    resolution: {integrity: sha512-hDV1Vp9AacVO5nyuMeRAatdEnbZskzKfSi+GEKruwhv1U3jCv11reSYkm4sSWNNRBKVP/fr/ywrvdjk4kmGp7g==}
    peerDependencies:
      '@types/react': ^17.0.0 || ^18.0.0 || ^19.0.0
      react: ^17.0.0 || ^18.0.0 || ^19.0.0
    peerDependenciesMeta:
      '@types/react':
        optional: true

  '@telegram-apps/sdk@3.9.2':
    resolution: {integrity: sha512-FbSWaTdFFTGNhXyDGG8QxlV97wS6oMK97Qlhy2GylMHj0Fph1ttjoYo3z3j7/eap1ShHNdxnwu1upHJc0/PJQQ==}

  '@telegram-apps/signals@1.1.1':
    resolution: {integrity: sha512-vz37r8lemGpPzDiBRfqpXYBynzmy3SFnY6zfHsTZABTYYt0b0WQZyU5mFDqqqugGhka78Gy11xmr9csgy4YgGA==}

  '@telegram-apps/toolkit@1.1.1':
    resolution: {integrity: sha512-+vhKx6ngfvjyTE6Xagl3z1TPVbfx5s7xAkcYzCdHYUo6T60jLIqLgyZMcI1UPoIAMuMu1pHoO+p8QNCj/+tFmw==}

  '@telegram-apps/toolkit@2.1.2':
    resolution: {integrity: sha512-iAPjn7RNVEm4o+LPJg1mYv7eDOnCatVEvep7JT74awTt3tn8pVpTYeUbDIFBuOF2BRSIzUgPUYQgVhQcDFTpUg==}

  '@telegram-apps/transformers@1.2.2':
    resolution: {integrity: sha512-vvMwXckd1D7Ozc0h66PSUwF5QLrRV9HlGJFFeBuUex8QEk5mSPtsJkLiqB8aBbwuFDa91+TUSM/CxqPZO/e9YQ==}

  '@telegram-apps/transformers@2.2.3':
    resolution: {integrity: sha512-CFQqs7iXw6yuUMBzU1/W/EGW6RlrO0ZViJGFa0ButyHVxOnmM+d5vJmlAiqBFtnUutK9Q2GfbHZoGLW8qSs5YQ==}

  '@telegram-apps/types@1.2.1':
    resolution: {integrity: sha512-so4HLh7clur0YyMthi9KVIgWoGpZdXlFOuQjk3+Q5NAvJZ11nAheBSwPlGw/Ko92+zwvrSBE/lQyN2+p17RP+w==}

  '@telegram-apps/types@2.0.0':
    resolution: {integrity: sha512-yF499FJK82a2IDNDAQdrmVH3sgFZl/QFNdVZKgWpgtunIVJ1fres5wi9+4aUBRVIdQwZOZZqB/AOvYYuYXsq3Q==}

  '@tonconnect/isomorphic-eventsource@0.0.2':
    resolution: {integrity: sha512-B4UoIjPi0QkvIzZH5fV3BQLWrqSYABdrzZQSI9sJA9aA+iC0ohOzFwVVGXanlxeDAy1bcvPbb29f6sVUk0UnnQ==}

  '@tonconnect/isomorphic-fetch@0.0.3':
    resolution: {integrity: sha512-jIg5nTrDwnite4fXao3dD83eCpTvInTjZon/rZZrIftIegh4XxyVb5G2mpMqXrVGk1e8SVXm3Kj5OtfMplQs0w==}

  '@tonconnect/protocol@2.2.7':
    resolution: {integrity: sha512-mmuS5ekaRVQtXOug30znXXSnuQfuLa6kDOv17X2ttk8Al9PlTFG/AtPRkWxCp8X5BdhPzGFELTog7kypukjWnQ==}

  '@tonconnect/sdk@3.1.0':
    resolution: {integrity: sha512-bsuuw5+NwoA8MrWMwDWEgfH/LepSKiPbugsojFoJmoJE4/hOsu6H47HEHtlD2NDLIHRhkTsEjiAyc+npfmocjw==}

  '@tonconnect/ui@2.1.0':
    resolution: {integrity: sha512-Vds7DH8WmFjMYuFmaVBFoxOG7orjiHw+TH/ySbGhCt4N8yEwJT2GSnttmG5PYJ117H/5S81gCUVc03c1Dh+MDQ==}

  '@types/node@22.15.3':
    resolution: {integrity: sha512-lX7HFZeHf4QG/J7tBZqrCAXwz9J5RD56Y6MpP0eJkka8p+K0RY/yBTW7CYFJ4VGCclxqOLKmiGP5juQc6MKgcw==}

  '@types/react@19.1.2':
    resolution: {integrity: sha512-oxLPMytKchWGbnQM9O7D67uPa9paTNxO7jVoNMXgkkErULBPhPARCfkKL9ytcIJJRGjbsVwW4ugJzyFFvm/Tiw==}

  better-promises@0.4.1:
    resolution: {integrity: sha512-cDW7eMvhvCoWzSih5o/OxsAgTUfP05yGMq77xNZUTmcZoNU9vEeFZJ+yJJi4lnocvxFrVFKsG0Yxt7ZnuYJEig==}

  classnames@2.5.1:
    resolution: {integrity: sha512-saHYOzhIQs6wy2sVxTM6bUDsQO4F50V9RQ22qBpEdCW+I+/Wmke2HOl6lS6dTpdxVhb88/I6+Hs+438c3lfUow==}

  csstype@3.1.3:
    resolution: {integrity: sha512-M1uQkMl8rQK/szD0LNhtqxIPLpimGm8sOBwU7lLnCpSbTyY3yeU1Vc7l4KT5zT4s/yOxHH5O7tIuuLOCnLADRw==}

  deepmerge@4.3.1:
    resolution: {integrity: sha512-3sUqbMEc77XqpdNO7FRyRog+eW3ph+GYCbj+rK+uYyRMuwsVy0rMiVtPn+QJlKFvWP/1PYpapqYn0Me2knFn+A==}
    engines: {node: '>=0.10.0'}

  error-kid@0.0.7:
    resolution: {integrity: sha512-8mFs7ZaDWlBFgjOy4lHLMCe2+KZfZXGx5GOgh2VQ/M1CCIvSWzbl2OMl+5fdZgrgoUfhTeF+NPhmqfEvUhN8yw==}

  eventsource@2.0.2:
    resolution: {integrity: sha512-IzUmBGPR3+oUG9dUeXynyNmf91/3zUSJg1lCktzKw47OXuhco54U3r9B7O4XX+Rb1Itm9OZ2b0RkTs10bICOxA==}
    engines: {node: '>=12.0.0'}

  mitt@3.0.1:
    resolution: {integrity: sha512-vKivATfr97l2/QBCYAkXYDbrIWPM2IIKEl7YPhjCvKlG3kE2gm+uBo6nEXK3M5/Ffh/FLpKExzOQ3JJoJGFKBw==}

  node-fetch@2.7.0:
    resolution: {integrity: sha512-c4FRfUm/dbcWZ7U+1Wq0AwCyFL+3nt2bEw05wfxSz+DWpWsitgmSgYmy2dQdWyKC1694ELPqMs/YzUSNozLt8A==}
    engines: {node: 4.x || >=6.0.0}
    peerDependencies:
      encoding: ^0.1.0
    peerDependenciesMeta:
      encoding:
        optional: true

  react@19.1.0:
    resolution: {integrity: sha512-FS+XFBNvn3GTAWq26joslQgWNoFu08F4kl0J4CgdNKADkdSGXQyTCnKteIAJy96Br6YbpEU1LSzV5dYtjMkMDg==}
    engines: {node: '>=0.10.0'}

  tr46@0.0.3:
    resolution: {integrity: sha512-N3WMsuqV66lT30CrXNbEjx4GEwlow3v6rr4mCcv6prnfwhS01rkgyFdjPNBYd9br7LpXV1+Emh01fHnq2Gdgrw==}

  turbo-darwin-64@2.5.2:
    resolution: {integrity: sha512-2aIl0Sx230nLk+Cg2qSVxvPOBWCZpwKNuAMKoROTvWKif6VMpkWWiR9XEPoz7sHeLmCOed4GYGMjL1bqAiIS/g==}
    cpu: [x64]
    os: [darwin]

  turbo-darwin-arm64@2.5.2:
    resolution: {integrity: sha512-MrFYhK/jYu8N6QlqZtqSHi3e4QVxlzqU3ANHTKn3/tThuwTLbNHEvzBPWSj5W7nZcM58dCqi6gYrfRz6bJZyAA==}
    cpu: [arm64]
    os: [darwin]

  turbo-linux-64@2.5.2:
    resolution: {integrity: sha512-LxNqUE2HmAJQ/8deoLgMUDzKxd5bKxqH0UBogWa+DF+JcXhtze3UTMr6lEr0dEofdsEUYK1zg8FRjglmwlN5YA==}
    cpu: [x64]
    os: [linux]

  turbo-linux-arm64@2.5.2:
    resolution: {integrity: sha512-0MI1Ao1q8zhd+UUbIEsrM+yLq1BsrcJQRGZkxIsHFlGp7WQQH1oR3laBgfnUCNdCotCMD6w4moc9pUbXdOR3bg==}
    cpu: [arm64]
    os: [linux]

  turbo-windows-64@2.5.2:
    resolution: {integrity: sha512-hOLcbgZzE5ttACHHyc1ajmWYq4zKT42IC3G6XqgiXxMbS+4eyVYTL+7UvCZBd3Kca1u4TLQdLQjeO76zyDJc2A==}
    cpu: [x64]
    os: [win32]

  turbo-windows-arm64@2.5.2:
    resolution: {integrity: sha512-fMU41ABhSLa18H8V3Z7BMCGynQ8x+wj9WyBMvWm1jeyRKgkvUYJsO2vkIsy8m0vrwnIeVXKOIn6eSe1ddlBVqw==}
    cpu: [arm64]
    os: [win32]

  turbo@2.5.2:
    resolution: {integrity: sha512-Qo5lfuStr6LQh3sPQl7kIi243bGU4aHGDQJUf6ylAdGwks30jJFloc9NYHP7Y373+gGU9OS0faA4Mb5Sy8X9Xw==}
    hasBin: true

  tweetnacl-util@0.15.1:
    resolution: {integrity: sha512-RKJBIj8lySrShN4w6i/BonWp2Z/uxwC3h4y7xsRrpP59ZboCd0GpEVsOnMDYLMmKBpYhb5TgHzZXy7wTfYFBRw==}

  tweetnacl@1.0.3:
    resolution: {integrity: sha512-6rt+RN7aOi1nGMyC4Xa5DdYiukl2UWCbcJft7YhxReBGQD7OAM8Pbxw6YMo4r2diNEA8FEmu32YOn9rhaiE5yw==}

  typescript@5.8.3:
    resolution: {integrity: sha512-p1diW6TqL9L07nNxvRMM7hMMw4c5XOo/1ibL4aAIGmSAt9slTE1Xgw5KWuof2uTOvCg9BY7ZRi+GaF+7sfgPeQ==}
    engines: {node: '>=14.17'}
    hasBin: true

  ua-parser-js@1.0.40:
    resolution: {integrity: sha512-z6PJ8Lml+v3ichVojCiB8toQJBuwR42ySM4ezjXIqXK3M0HczmKQ3LF4rhU55PfD99KEEXQG6yb7iOMyvYuHew==}
    hasBin: true

  undici-types@6.21.0:
    resolution: {integrity: sha512-iwDZqg0QAGrg9Rav5H4n0M64c3mkR59cJ6wQp+7C4nI0gsmExaedaYLNO44eT4AtBBwjbTiGPMlt2Md0T9H9JQ==}

  valibot@1.0.0:
    resolution: {integrity: sha512-1Hc0ihzWxBar6NGeZv7fPLY0QuxFMyxwYR2sF1Blu7Wq7EnremwY2W02tit2ij2VJT8HcSkHAQqmFfl77f73Yw==}
    peerDependencies:
      typescript: '>=5'
    peerDependenciesMeta:
      typescript:
        optional: true

  valibot@1.0.0-beta.14:
    resolution: {integrity: sha512-tLyV2rE5QL6U29MFy3xt4AqMrn+/HErcp2ZThASnQvPMwfSozjV1uBGKIGiegtZIGjinJqn0SlBdannf18wENA==}
    peerDependencies:
      typescript: '>=5'
    peerDependenciesMeta:
      typescript:
        optional: true

  webidl-conversions@3.0.1:
    resolution: {integrity: sha512-2JAn3z8AR6rjK8Sm8orRC0h/bcl/DqL7tRPdGZ4I1CjdF+EaMLmYxBHyXuKL849eucPFhvBoxMsflfOb8kxaeQ==}

  whatwg-url@5.0.0:
    resolution: {integrity: sha512-saE57nupxk6v3HY35+jzBwYa0rKSy0XR8JSxZPwgLr7ys0IBzhGviA1/TUGJLmSVqs8pb9AnvICXEuOHLprYTw==}

snapshots:

  '@telegram-apps/bridge@1.9.2':
    dependencies:
      '@telegram-apps/signals': 1.1.1
      '@telegram-apps/toolkit': 1.1.1
      '@telegram-apps/transformers': 1.2.2
      '@telegram-apps/types': 1.2.1

  '@telegram-apps/bridge@2.8.2(typescript@5.8.3)':
    dependencies:
      '@telegram-apps/signals': 1.1.1
      '@telegram-apps/toolkit': 2.1.2
      '@telegram-apps/transformers': 2.2.3(typescript@5.8.3)
      '@telegram-apps/types': 2.0.0
      better-promises: 0.4.1
      error-kid: 0.0.7
      mitt: 3.0.1
      valibot: 1.0.0(typescript@5.8.3)
    transitivePeerDependencies:
      - typescript

  '@telegram-apps/init-data-node@2.0.7(typescript@5.8.3)':
    dependencies:
      '@telegram-apps/transformers': 2.2.3(typescript@5.8.3)
      '@telegram-apps/types': 2.0.0
      error-kid: 0.0.7
    transitivePeerDependencies:
      - typescript

  '@telegram-apps/navigation@1.0.13':
    dependencies:
      '@telegram-apps/bridge': 1.9.2
      '@telegram-apps/signals': 1.1.1
      '@telegram-apps/toolkit': 1.1.1

  '@telegram-apps/sdk-react@3.2.4(@types/react@19.1.2)(react@19.1.0)(typescript@5.8.3)':
    dependencies:
      '@telegram-apps/sdk': 3.9.2(typescript@5.8.3)
      react: 19.1.0
    optionalDependencies:
      '@types/react': 19.1.2
    transitivePeerDependencies:
      - typescript

  '@telegram-apps/sdk@3.9.2(typescript@5.8.3)':
    dependencies:
      '@telegram-apps/bridge': 2.8.2(typescript@5.8.3)
      '@telegram-apps/navigation': 1.0.13
      '@telegram-apps/signals': 1.1.1
      '@telegram-apps/toolkit': 2.1.2
      '@telegram-apps/transformers': 2.2.3(typescript@5.8.3)
      '@telegram-apps/types': 2.0.0
      better-promises: 0.4.1
      error-kid: 0.0.7
      valibot: 1.0.0(typescript@5.8.3)
    transitivePeerDependencies:
      - typescript

  '@telegram-apps/signals@1.1.1': {}

  '@telegram-apps/toolkit@1.1.1': {}

  '@telegram-apps/toolkit@2.1.2': {}

  '@telegram-apps/transformers@1.2.2':
    dependencies:
      '@telegram-apps/toolkit': 1.1.1
      '@telegram-apps/types': 1.2.1

  '@telegram-apps/transformers@2.2.3(typescript@5.8.3)':
    dependencies:
      '@telegram-apps/toolkit': 2.1.2
      '@telegram-apps/types': 2.0.0
      valibot: 1.0.0-beta.14(typescript@5.8.3)
    transitivePeerDependencies:
      - typescript

  '@telegram-apps/types@1.2.1': {}

  '@telegram-apps/types@2.0.0': {}

  '@tonconnect/isomorphic-eventsource@0.0.2':
    dependencies:
      eventsource: 2.0.2

  '@tonconnect/isomorphic-fetch@0.0.3':
    dependencies:
      node-fetch: 2.7.0
    transitivePeerDependencies:
      - encoding

  '@tonconnect/protocol@2.2.7':
    dependencies:
      tweetnacl: 1.0.3
      tweetnacl-util: 0.15.1

  '@tonconnect/sdk@3.1.0':
    dependencies:
      '@tonconnect/isomorphic-eventsource': 0.0.2
      '@tonconnect/isomorphic-fetch': 0.0.3
      '@tonconnect/protocol': 2.2.7
    transitivePeerDependencies:
      - encoding

  '@tonconnect/ui@2.1.0':
    dependencies:
      '@tonconnect/sdk': 3.1.0
      classnames: 2.5.1
      csstype: 3.1.3
      deepmerge: 4.3.1
      ua-parser-js: 1.0.40
    transitivePeerDependencies:
      - encoding

  '@types/node@22.15.3':
    dependencies:
      undici-types: 6.21.0

  '@types/react@19.1.2':
    dependencies:
      csstype: 3.1.3

  better-promises@0.4.1:
    dependencies:
      error-kid: 0.0.7

  classnames@2.5.1: {}

  csstype@3.1.3: {}

  deepmerge@4.3.1: {}

  error-kid@0.0.7: {}

  eventsource@2.0.2: {}

  mitt@3.0.1: {}

  node-fetch@2.7.0:
    dependencies:
      whatwg-url: 5.0.0

  react@19.1.0: {}

  tr46@0.0.3: {}

  turbo-darwin-64@2.5.2:
    optional: true

  turbo-darwin-arm64@2.5.2:
    optional: true

  turbo-linux-64@2.5.2:
    optional: true

  turbo-linux-arm64@2.5.2:
    optional: true

  turbo-windows-64@2.5.2:
    optional: true

  turbo-windows-arm64@2.5.2:
    optional: true

  turbo@2.5.2:
    optionalDependencies:
      turbo-darwin-64: 2.5.2
      turbo-darwin-arm64: 2.5.2
      turbo-linux-64: 2.5.2
      turbo-linux-arm64: 2.5.2
      turbo-windows-64: 2.5.2
      turbo-windows-arm64: 2.5.2

  tweetnacl-util@0.15.1: {}

  tweetnacl@1.0.3: {}

  typescript@5.8.3: {}

  ua-parser-js@1.0.40: {}

  undici-types@6.21.0: {}

  valibot@1.0.0(typescript@5.8.3):
    optionalDependencies:
      typescript: 5.8.3

  valibot@1.0.0-beta.14(typescript@5.8.3):
    optionalDependencies:
      typescript: 5.8.3

  webidl-conversions@3.0.1: {}

  whatwg-url@5.0.0:
    dependencies:
      tr46: 0.0.3
      webidl-conversions: 3.0.1
